<?xml version="1.0" encoding="utf-8"?>
<Project ToolsVersion="4.0" xmlns="http://schemas.microsoft.com/developer/msbuild/2003">
  <ItemGroup>
    <Filter Include="소스 파일">
      <UniqueIdentifier>{4FC737F1-C7A5-4376-A066-2A32D752A2FF}</UniqueIdentifier>
      <Extensions>cpp;c;cc;cxx;c++;cppm;ixx;def;odl;idl;hpj;bat;asm;asmx</Extensions>
    </Filter>
    <Filter Include="헤더 파일">
      <UniqueIdentifier>{93995380-89BD-4b04-88EB-625FBE52EBFB}</UniqueIdentifier>
      <Extensions>h;hh;hpp;hxx;h++;hm;inl;inc;ipp;xsd</Extensions>
    </Filter>
    <Filter Include="리소스 파일">
      <UniqueIdentifier>{67DA6AB6-F800-4c08-8B7A-83BB121AAD01}</UniqueIdentifier>
      <Extensions>rc;ico;cur;bmp;dlg;rc2;rct;bin;rgs;gif;jpg;jpeg;jpe;resx;tiff;tif;png;wav;mfcribbon-ms</Extensions>
    </Filter>
    <Filter Include="concurrent">
      <UniqueIdentifier>{a1861310-3505-42de-89e4-4b6409d6e6ee}</UniqueIdentifier>
    </Filter>
    <Filter Include="thirdparty">
      <UniqueIdentifier>{706e3b51-21f5-488c-a214-b9e383b5b008}</UniqueIdentifier>
    </Filter>
    <Filter Include="thirdparty\ylt">
      <UniqueIdentifier>{d01a21a5-5dd9-459c-8e9c-dbbb8450a72d}</UniqueIdentifier>
    </Filter>
    <Filter Include="thirdparty\atomic_queue">
      <UniqueIdentifier>{936e1f94-42dc-40bc-91ce-2f6a923ad82a}</UniqueIdentifier>
    </Filter>
  </ItemGroup>
  <ItemGroup>
    <ClInclude Include="concurrent\LinearWorkQueue.h">
      <Filter>concurrent</Filter>
    </ClInclude>
    <ClInclude Include="thirdparty\atomic_queue\include\atomic_queue\atomic_queue.h">
      <Filter>thirdparty\atomic_queue</Filter>
    </ClInclude>
    <ClInclude Include="thirdparty\atomic_queue\include\atomic_queue\atomic_queue_mutex.h">
      <Filter>thirdparty\atomic_queue</Filter>
    </ClInclude>
    <ClInclude Include="thirdparty\atomic_queue\include\atomic_queue\barrier.h">
      <Filter>thirdparty\atomic_queue</Filter>
    </ClInclude>
    <ClInclude Include="thirdparty\atomic_queue\include\atomic_queue\defs.h">
      <Filter>thirdparty\atomic_queue</Filter>
    </ClInclude>
    <ClInclude Include="thirdparty\atomic_queue\include\atomic_queue\spinlock.h">
      <Filter>thirdparty\atomic_queue</Filter>
    </ClInclude>
    <ClInclude Include="thirdparty\yalantinglibs\include\ylt\easylog.hpp">
      <Filter>thirdparty\ylt</Filter>
    </ClInclude>
    <ClInclude Include="thirdparty\yalantinglibs\include\ylt\struct_pack.hpp">
      <Filter>thirdparty\ylt</Filter>
    </ClInclude>
    <ClInclude Include="thirdparty\yalantinglibs\include\ylt\struct_pb.hpp">
      <Filter>thirdparty\ylt</Filter>
    </ClInclude>
    <ClInclude Include="memory\ConcurrentStack.h">
      <Filter>헤더 파일</Filter>
    </ClInclude>
    <ClInclude Include="common.h">
      <Filter>헤더 파일</Filter>
    </ClInclude>
    <ClInclude Include="memory\Buffer.h">
      <Filter>헤더 파일</Filter>
    </ClInclude>
    <ClInclude Include="memory\Allocator.h">
      <Filter>헤더 파일</Filter>
    </ClInclude>
    <ClInclude Include="network\Session.h">
      <Filter>헤더 파일</Filter>
    </ClInclude>
    <ClInclude Include="network\SocketStreamBase.h">
      <Filter>헤더 파일</Filter>
    </ClInclude>
    <ClInclude Include="network\Meta.h">
      <Filter>헤더 파일</Filter>
    </ClInclude>
    <ClInclude Include="network\iocp\IocpTransferStream.h">
      <Filter>헤더 파일</Filter>
    </ClInclude>
    <ClInclude Include="network\AcceptorStream.h">
      <Filter>헤더 파일</Filter>
    </ClInclude>
    <ClInclude Include="network\TransferStream.h">
      <Filter>헤더 파일</Filter>
    </ClInclude>
    <ClInclude Include="network\iocp\IocpAcceptorStream.h">
      <Filter>헤더 파일</Filter>
    </ClInclude>
    <ClInclude Include="network\iocp\IocpConnectorStream.h">
      <Filter>헤더 파일</Filter>
    </ClInclude>
    <ClInclude Include="memory\RefCounter.h">
      <Filter>헤더 파일</Filter>
    </ClInclude>
    <ClInclude Include="memory\IntrusivePtr.h">
      <Filter>헤더 파일</Filter>
    </ClInclude>
    <ClInclude Include="memory\SpinLock.h">
      <Filter>헤더 파일</Filter>
    </ClInclude>
    <ClInclude Include="network\iocp\IocpSocketServer.h">
      <Filter>헤더 파일</Filter>
    </ClInclude>
    <ClInclude Include="network\SocketServer.h">
      <Filter>헤더 파일</Filter>
    </ClInclude>
    <ClInclude Include="concurrent\LinearWorker.h">
      <Filter>헤더 파일</Filter>
    </ClInclude>
    <ClInclude Include="engine\protocol\Protocol.h">
      <Filter>헤더 파일</Filter>
    </ClInclude>
    <ClInclude Include="engine\NetworkEngine.h">
      <Filter>헤더 파일</Filter>
    </ClInclude>
    <ClInclude Include="engine\SocketWorkerInfo.h">
      <Filter>헤더 파일</Filter>
    </ClInclude>
    <ClInclude Include="game\object\Object.h">
      <Filter>헤더 파일</Filter>
    </ClInclude>
    <ClInclude Include="engine\NetworkContext.h">
      <Filter>헤더 파일</Filter>
    </ClInclude>
    <ClInclude Include="engine\protocol\PacketStruct.h">
      <Filter>헤더 파일</Filter>
    </ClInclude>
    <ClInclude Include="engine\protocol\Packet.h">
      <Filter>헤더 파일</Filter>
    </ClInclude>
    <ClInclude Include="game\object\Character.h">
      <Filter>헤더 파일</Filter>
    </ClInclude>
    <ClInclude Include="game\object\Monster.h">
      <Filter>헤더 파일</Filter>
    </ClInclude>
    <ClInclude Include="game\coordinate\Fixture.h">
      <Filter>헤더 파일</Filter>
    </ClInclude>
    <ClInclude Include="game\coordinate\Base.h">
      <Filter>헤더 파일</Filter>
    </ClInclude>
    <ClInclude Include="engine\SocketContext.h">
      <Filter>헤더 파일</Filter>
    </ClInclude>
    <ClInclude Include="engine\protocol\PacketEnum.h">
      <Filter>헤더 파일</Filter>
    </ClInclude>
    <ClInclude Include="game\object\Vital.h">
      <Filter>헤더 파일</Filter>
    </ClInclude>
    <ClInclude Include="engine\Session.h">
      <Filter>헤더 파일</Filter>
    </ClInclude>
    <ClInclude Include="utility\Time.h">
      <Filter>헤더 파일</Filter>
    </ClInclude>
    <ClInclude Include="game\define.h">
      <Filter>헤더 파일</Filter>
    </ClInclude>
    <ClInclude Include="utility\Random.h">
      <Filter>헤더 파일</Filter>
    </ClInclude>
    <ClInclude Include="engine\SocketSession.h">
      <Filter>헤더 파일</Filter>
    </ClInclude>
    <ClInclude Include="engine\NetworkEngineWorker.h">
      <Filter>헤더 파일</Filter>
    </ClInclude>
    <ClInclude Include="concurrent\ConcurrentMap.h">
      <Filter>헤더 파일</Filter>
    </ClInclude>
    <ClInclude Include="utility\Union.h">
      <Filter>헤더 파일</Filter>
    </ClInclude>
    <ClInclude Include="utility\MultiDimensionMap.h">
      <Filter>헤더 파일</Filter>
    </ClInclude>
    <ClInclude Include="game\coordinate\SectorGrid.h">
      <Filter>헤더 파일</Filter>
    </ClInclude>
    <ClInclude Include="utility\Sampling.h">
      <Filter>헤더 파일</Filter>
    </ClInclude>
    <ClInclude Include="engine\CloudConfigManager.h">
      <Filter>헤더 파일</Filter>
    </ClInclude>
    <ClInclude Include="game\World.h">
      <Filter>헤더 파일</Filter>
    </ClInclude>
    <ClInclude Include="engine\PacketThrottler.h">
      <Filter>헤더 파일</Filter>
    </ClInclude>
    <ClInclude Include="game\SectorPostingManager.h">
      <Filter>헤더 파일</Filter>
    </ClInclude>
    <ClInclude Include="game\coordinate\SectorSystem.h">
      <Filter>헤더 파일</Filter>
    </ClInclude>
    <ClInclude Include="utility\Uid.h">
      <Filter>헤더 파일</Filter>
    </ClInclude>
    <ClInclude Include="memory\SharedObjectPool.h">
      <Filter>헤더 파일</Filter>
    </ClInclude>
    <ClInclude Include="utility\Logger.h">
      <Filter>헤더 파일</Filter>
    </ClInclude>
    <ClInclude Include="game\GameServer.h">
      <Filter>헤더 파일</Filter>
    </ClInclude>
    <ClInclude Include="utility\Defer.h">
      <Filter>헤더 파일</Filter>
    </ClInclude>
    <ClInclude Include="utility\RuntimeUidGenerator.h">
      <Filter>헤더 파일</Filter>
    </ClInclude>
  </ItemGroup>
  <ItemGroup>
    <ClCompile Include="memory\SequentialBuffer.h">
      <Filter>소스 파일</Filter>
    </ClCompile>
    <ClCompile Include="memory\ObjectPool.h">
      <Filter>소스 파일</Filter>
    </ClCompile>
    <ClCompile Include="network\iocp\IocpTransferStream.cpp">
      <Filter>소스 파일</Filter>
    </ClCompile>
    <ClCompile Include="network\iocp\IoContext.h">
      <Filter>소스 파일</Filter>
    </ClCompile>
    <ClCompile Include="network\iocp\IocpAcceptorStream.cpp">
      <Filter>소스 파일</Filter>
    </ClCompile>
    <ClCompile Include="network\iocp\IocpConnectorStream.cpp">
      <Filter>소스 파일</Filter>
    </ClCompile>
    <ClCompile Include="network\Meta.cpp">
      <Filter>소스 파일</Filter>
    </ClCompile>
    <ClCompile Include="network\iocp\IocpSocketServer.cpp">
      <Filter>소스 파일</Filter>
    </ClCompile>
    <ClCompile Include="network\iocp\IocpSocketServerOperation.cpp">
      <Filter>소스 파일</Filter>
    </ClCompile>
    <ClCompile Include="engine\NetworkEngine.cpp">
      <Filter>소스 파일</Filter>
    </ClCompile>
    <ClCompile Include="engine\CloudConfigManager.cpp">
      <Filter>소스 파일</Filter>
    </ClCompile>
    <ClCompile Include="game\World.cpp">
      <Filter>소스 파일</Filter>
    </ClCompile>
    <ClCompile Include="game\SectorPostingManager.cpp">
      <Filter>소스 파일</Filter>
    </ClCompile>
    <ClCompile Include="game\coordinate\SectorSystem.cpp">
      <Filter>소스 파일</Filter>
    </ClCompile>
    <ClCompile Include="game\GameServer.cpp">
      <Filter>소스 파일</Filter>
    </ClCompile>
  </ItemGroup>
</Project>